// !$*UTF8*$!
{
	archiveVersion = 1;
	classes = {
	};
	objectVersion = 46;
	objects = {

/* Begin PBXBuildFile section */
		9E1737531514A8180024AEB5 /* Cocoa.framework in Frameworks */ = {isa = PBXBuildFile; fileRef = 9E1737521514A8180024AEB5 /* Cocoa.framework */; };
		9E17375D1514A8180024AEB5 /* InfoPlist.strings in Resources */ = {isa = PBXBuildFile; fileRef = 9E17375B1514A8180024AEB5 /* InfoPlist.strings */; };
		9E17375F1514A8180024AEB5 /* main.m in Sources */ = {isa = PBXBuildFile; fileRef = 9E17375E1514A8180024AEB5 /* main.m */; };
		9E1737631514A8180024AEB5 /* Credits.rtf in Resources */ = {isa = PBXBuildFile; fileRef = 9E1737611514A8180024AEB5 /* Credits.rtf */; };
		9E1737661514A8180024AEB5 /* AppDelegate.m in Sources */ = {isa = PBXBuildFile; fileRef = 9E1737651514A8180024AEB5 /* AppDelegate.m */; };
		9E1737691514A8180024AEB5 /* MainMenu.xib in Resources */ = {isa = PBXBuildFile; fileRef = 9E1737671514A8180024AEB5 /* MainMenu.xib */; };
		9E6A315315166EE900E02DF0 /* XmlData.m in Sources */ = {isa = PBXBuildFile; fileRef = 9E6A315215166EE900E02DF0 /* XmlData.m */; };
		9EA4CCD71519FBAF00F55541 /* xmltool.icns in Resources */ = {isa = PBXBuildFile; fileRef = 9EA4CCD61519FBAF00F55541 /* xmltool.icns */; };
/* End PBXBuildFile section */

/* Begin PBXFileReference section */
		9E17374E1514A8180024AEB5 /* XMLTool.app */ = {isa = PBXFileReference; explicitFileType = wrapper.application; includeInIndex = 0; path = XMLTool.app; sourceTree = BUILT_PRODUCTS_DIR; };
		9E1737521514A8180024AEB5 /* Cocoa.framework */ = {isa = PBXFileReference; lastKnownFileType = wrapper.framework; name = Cocoa.framework; path = System/Library/Frameworks/Cocoa.framework; sourceTree = SDKROOT; };
		9E1737551514A8180024AEB5 /* AppKit.framework */ = {isa = PBXFileReference; lastKnownFileType = wrapper.framework; name = AppKit.framework; path = System/Library/Frameworks/AppKit.framework; sourceTree = SDKROOT; };
		9E1737561514A8180024AEB5 /* CoreData.framework */ = {isa = PBXFileReference; lastKnownFileType = wrapper.framework; name = CoreData.framework; path = System/Library/Frameworks/CoreData.framework; sourceTree = SDKROOT; };
		9E1737571514A8180024AEB5 /* Foundation.framework */ = {isa = PBXFileReference; lastKnownFileType = wrapper.framework; name = Foundation.framework; path = System/Library/Frameworks/Foundation.framework; sourceTree = SDKROOT; };
		9E17375A1514A8180024AEB5 /* XMLTool-Info.plist */ = {isa = PBXFileReference; lastKnownFileType = text.plist.xml; path = "XMLTool-Info.plist"; sourceTree = "<group>"; };
		9E17375C1514A8180024AEB5 /* en */ = {isa = PBXFileReference; lastKnownFileType = text.plist.strings; name = en; path = en.lproj/InfoPlist.strings; sourceTree = "<group>"; };
		9E17375E1514A8180024AEB5 /* main.m */ = {isa = PBXFileReference; lastKnownFileType = sourcecode.c.objc; path = main.m; sourceTree = "<group>"; };
		9E1737601514A8180024AEB5 /* XMLTool-Prefix.pch */ = {isa = PBXFileReference; lastKnownFileType = sourcecode.c.h; path = "XMLTool-Prefix.pch"; sourceTree = "<group>"; };
		9E1737621514A8180024AEB5 /* en */ = {isa = PBXFileReference; lastKnownFileType = text.rtf; name = en; path = en.lproj/Credits.rtf; sourceTree = "<group>"; };
		9E1737641514A8180024AEB5 /* AppDelegate.h */ = {isa = PBXFileReference; lastKnownFileType = sourcecode.c.h; path = AppDelegate.h; sourceTree = "<group>"; };
		9E1737651514A8180024AEB5 /* AppDelegate.m */ = {isa = PBXFileReference; lastKnownFileType = sourcecode.c.objc; path = AppDelegate.m; sourceTree = "<group>"; };
		9E1737681514A8180024AEB5 /* en */ = {isa = PBXFileReference; lastKnownFileType = file.xib; name = en; path = en.lproj/MainMenu.xib; sourceTree = "<group>"; };
		9E6A315115166EE900E02DF0 /* XmlData.h */ = {isa = PBXFileReference; fileEncoding = 4; lastKnownFileType = sourcecode.c.h; path = XmlData.h; sourceTree = "<group>"; };
		9E6A315215166EE900E02DF0 /* XmlData.m */ = {isa = PBXFileReference; fileEncoding = 4; lastKnownFileType = sourcecode.c.objc; path = XmlData.m; sourceTree = "<group>"; };
		9EA4CCD61519FBAF00F55541 /* xmltool.icns */ = {isa = PBXFileReference; lastKnownFileType = image.icns; path = xmltool.icns; sourceTree = "<group>"; };
/* End PBXFileReference section */

/* Begin PBXFrameworksBuildPhase section */
		9E17374B1514A8180024AEB5 /* Frameworks */ = {
			isa = PBXFrameworksBuildPhase;
			buildActionMask = 2147483647;
			files = (
				9E1737531514A8180024AEB5 /* Cocoa.framework in Frameworks */,
			);
			runOnlyForDeploymentPostprocessing = 0;
		};
/* End PBXFrameworksBuildPhase section */

/* Begin PBXGroup section */
		9E1737431514A8180024AEB5 = {
			isa = PBXGroup;
			children = (
				9EA4CCD61519FBAF00F55541 /* xmltool.icns */,
				9E1737581514A8180024AEB5 /* XMLTool */,
				9E1737511514A8180024AEB5 /* Frameworks */,
				9E17374F1514A8180024AEB5 /* Products */,
			);
			sourceTree = "<group>";
		};
		9E17374F1514A8180024AEB5 /* Products */ = {
			isa = PBXGroup;
			children = (
				9E17374E1514A8180024AEB5 /* XMLTool.app */,
			);
			name = Products;
			sourceTree = "<group>";
		};
		9E1737511514A8180024AEB5 /* Frameworks */ = {
			isa = PBXGroup;
			children = (
				9E1737521514A8180024AEB5 /* Cocoa.framework */,
				9E1737541514A8180024AEB5 /* Other Frameworks */,
			);
			name = Frameworks;
			sourceTree = "<group>";
		};
		9E1737541514A8180024AEB5 /* Other Frameworks */ = {
			isa = PBXGroup;
			children = (
				9E1737551514A8180024AEB5 /* AppKit.framework */,
				9E1737561514A8180024AEB5 /* CoreData.framework */,
				9E1737571514A8180024AEB5 /* Foundation.framework */,
			);
			name = "Other Frameworks";
			sourceTree = "<group>";
		};
		9E1737581514A8180024AEB5 /* XMLTool */ = {
			isa = PBXGroup;
			children = (
				9E1737641514A8180024AEB5 /* AppDelegate.h */,
				9E1737651514A8180024AEB5 /* AppDelegate.m */,
				9E1737671514A8180024AEB5 /* MainMenu.xib */,
				9E1737591514A8180024AEB5 /* Supporting Files */,
				9E6A315115166EE900E02DF0 /* XmlData.h */,
				9E6A315215166EE900E02DF0 /* XmlData.m */,
			);
			path = XMLTool;
			sourceTree = "<group>";
		};
		9E1737591514A8180024AEB5 /* Supporting Files */ = {
			isa = PBXGroup;
			children = (
				9E17375A1514A8180024AEB5 /* XMLTool-Info.plist */,
				9E17375B1514A8180024AEB5 /* InfoPlist.strings */,
				9E17375E1514A8180024AEB5 /* main.m */,
				9E1737601514A8180024AEB5 /* XMLTool-Prefix.pch */,
				9E1737611514A8180024AEB5 /* Credits.rtf */,
			);
			name = "Supporting Files";
			sourceTree = "<group>";
		};
/* End PBXGroup section */

/* Begin PBXNativeTarget section */
		9E17374D1514A8180024AEB5 /* XMLTool */ = {
			isa = PBXNativeTarget;
			buildConfigurationList = 9E17376C1514A8180024AEB5 /* Build configuration list for PBXNativeTarget "XMLTool" */;
			buildPhases = (
				9E17374A1514A8180024AEB5 /* Sources */,
				9E17374B1514A8180024AEB5 /* Frameworks */,
				9E17374C1514A8180024AEB5 /* Resources */,
			);
			buildRules = (
			);
			dependencies = (
			);
			name = XMLTool;
			productName = XMLTool;
			productReference = 9E17374E1514A8180024AEB5 /* XMLTool.app */;
			productType = "com.apple.product-type.application";
		};
/* End PBXNativeTarget section */

/* Begin PBXProject section */
		9E1737451514A8180024AEB5 /* Project object */ = {
			isa = PBXProject;
			attributes = {
				LastUpgradeCheck = 0450;
				ORGANIZATIONNAME = HZ37Land;
			};
			buildConfigurationList = 9E1737481514A8180024AEB5 /* Build configuration list for PBXProject "XMLTool" */;
			compatibilityVersion = "Xcode 3.2";
			developmentRegion = English;
			hasScannedForEncodings = 0;
			knownRegions = (
				en,
			);
			mainGroup = 9E1737431514A8180024AEB5;
			productRefGroup = 9E17374F1514A8180024AEB5 /* Products */;
			projectDirPath = "";
			projectRoot = "";
			targets = (
				9E17374D1514A8180024AEB5 /* XMLTool */,
			);
		};
/* End PBXProject section */

/* Begin PBXResourcesBuildPhase section */
		9E17374C1514A8180024AEB5 /* Resources */ = {
			isa = PBXResourcesBuildPhase;
			buildActionMask = 2147483647;
			files = (
				9E17375D1514A8180024AEB5 /* InfoPlist.strings in Resources */,
				9E1737631514A8180024AEB5 /* Credits.rtf in Resources */,
				9E1737691514A8180024AEB5 /* MainMenu.xib in Resources */,
				9EA4CCD71519FBAF00F55541 /* xmltool.icns in Resources */,
			);
			runOnlyForDeploymentPostprocessing = 0;
		};
/* End PBXResourcesBuildPhase section */

/* Begin PBXSourcesBuildPhase section */
		9E17374A1514A8180024AEB5 /* Sources */ = {
			isa = PBXSourcesBuildPhase;
			buildActionMask = 2147483647;
			files = (
				9E17375F1514A8180024AEB5 /* main.m in Sources */,
				9E1737661514A8180024AEB5 /* AppDelegate.m in Sources */,
				9E6A315315166EE900E02DF0 /* XmlData.m in Sources */,
			);
			runOnlyForDeploymentPostprocessing = 0;
		};
/* End PBXSourcesBuildPhase section */

/* Begin PBXVariantGroup section */
		9E17375B1514A8180024AEB5 /* InfoPlist.strings */ = {
			isa = PBXVariantGroup;
			children = (
				9E17375C1514A8180024AEB5 /* en */,
			);
			name = InfoPlist.strings;
			sourceTree = "<group>";
		};
		9E1737611514A8180024AEB5 /* Credits.rtf */ = {
			isa = PBXVariantGroup;
			children = (
				9E1737621514A8180024AEB5 /* en */,
			);
			name = Credits.rtf;
			sourceTree = "<group>";
		};
		9E1737671514A8180024AEB5 /* MainMenu.xib */ = {
			isa = PBXVariantGroup;
			children = (
				9E1737681514A8180024AEB5 /* en */,
			);
			name = MainMenu.xib;
			sourceTree = "<group>";
		};
/* End PBXVariantGroup section */

/* Begin XCBuildConfiguration section */
		9E17376A1514A8180024AEB5 /* Debug */ = {
			isa = XCBuildConfiguration;
			buildSettings = {
				ALWAYS_SEARCH_USER_PATHS = NO;
				ARCHS = "$(ARCHS_STANDARD_64_BIT)";
				CLANG_ENABLE_OBJC_ARC = YES;
				COPY_PHASE_STRIP = NO;
				GCC_C_LANGUAGE_STANDARD = gnu99;
				GCC_DYNAMIC_NO_PIC = NO;
				GCC_ENABLE_OBJC_EXCEPTIONS = YES;
				GCC_OPTIMIZATION_LEVEL = 0;
				GCC_PREPROCESSOR_DEFINITIONS = (
					"DEBUG=1",
					"$(inherited)",
				);
				GCC_SYMBOLS_PRIVATE_EXTERN = NO;
				GCC_VERSION = com.apple.compilers.llvm.clang.1_0;
				GCC_WARN_64_TO_32_BIT_CONVERSION = YES;
				GCC_WARN_ABOUT_MISSING_PROTOTYPES = YES;
				GCC_WARN_ABOUT_RETURN_TYPE = YES;
				GCC_WARN_UNUSED_VARIABLE = YES;
				MACOSX_DEPLOYMENT_TARGET = 10.7;
				ONLY_ACTIVE_ARCH = YES;
				SDKROOT = macosx;
			};
			name = Debug;
		};
		9E17376B1514A8180024AEB5 /* Release */ = {
			isa = XCBuildConfiguration;
			buildSettings = {
				ALWAYS_SEARCH_USER_PATHS = NO;
				ARCHS = "$(ARCHS_STANDARD_64_BIT)";
				CLANG_ENABLE_OBJC_ARC = YES;
				COPY_PHASE_STRIP = YES;
				DEBUG_INFORMATION_FORMAT = "dwarf-with-dsym";
				GCC_C_LANGUAGE_STANDARD = gnu99;
				GCC_ENABLE_OBJC_EXCEPTIONS = YES;
				GCC_VERSION = com.apple.compilers.llvm.clang.1_0;
				GCC_WARN_64_TO_32_BIT_CONVERSION = YES;
				GCC_WARN_ABOUT_MISSING_PROTOTYPES = YES;
				GCC_WARN_ABOUT_RETURN_TYPE = YES;
				GCC_WARN_UNUSED_VARIABLE = YES;
				MACOSX_DEPLOYMENT_TARGET = 10.7;
				SDKROOT = macosx;
			};
			name = Release;
		};
		9E17376D1514A8180024AEB5 /* Debug */ = {
			isa = XCBuildConfiguration;
			buildSettings = {
				COMBINE_HIDPI_IMAGES = YES;
				GCC_PRECOMPILE_PREFIX_HEADER = YES;
				GCC_PREFIX_HEADER = "XMLTool/XMLTool-Prefix.pch";
				INFOPLIST_FILE = "XMLTool/XMLTool-Info.plist";
				PRODUCT_NAME = "$(TARGET_NAME)";
				WRAPPER_EXTENSION = app;
			};
			name = Debug;
		};
		9E17376E1514A8180024AEB5 /* Release */ = {
			isa = XCBuildConfiguration;
			buildSettings = {
				COMBINE_HIDPI_IMAGES = YES;
				GCC_PRECOMPILE_PREFIX_HEADER = YES;
				GCC_PREFIX_HEADER = "XMLTool/XMLTool-Prefix.pch";
				INFOPLIST_FILE = "XMLTool/XMLTool-Info.plist";
				PRODUCT_NAME = "$(TARGET_NAME)";
				WRAPPER_EXTENSION = app;
			};
			name = Release;
		};
/* End XCBuildConfiguration section */

/* Begin XCConfigurationList section */
		9E1737481514A8180024AEB5 /* Build configuration list for PBXProject "XMLTool" */ = {
			isa = XCConfigurationList;
			buildConfigurations = (
				9E17376A1514A8180024AEB5 /* Debug */,
				9E17376B1514A8180024AEB5 /* Release */,
			);
			defaultConfigurationIsVisible = 0;
			defaultConfigurationName = Release;
		};
		9E17376C1514A8180024AEB5 /* Build configuration list for PBXNativeTarget "XMLTool" */ = {
			isa = XCConfigurationList;
			buildConfigurations = (
				9E17376D1514A8180024AEB5 /* Debug */,
				9E17376E1514A8180024AEB5 /* Release */,
			);
			defaultConfigurationIsVisible = 0;
			defaultConfigurationName = Release;
		};
/* End XCConfigurationList section */
	};
	rootObject = 9E1737451514A8180024AEB5 /* Project object */;
}
